
Microsoft Visual Studio Solution File, Format Version 12.00
# Visual Studio Version 17
VisualStudioVersion = 17.4.33213.308
MinimumVisualStudioVersion = 10.0.40219.1
Project("{FAE04EC0-301F-11D3-BF4B-00C04F79EFBC}") = "presentacion", "presentacion\presentacion.csproj", "{33CF7F15-4990-4AE4-B27A-882775BE512F}"
EndProject
Global
	GlobalSection(SolutionConfigurationPlatforms) = preSolution
		Debug|Any CPU = Debug|Any CPU
		Release|Any CPU = Release|Any CPU
	EndGlobalSection
	GlobalSection(ProjectConfigurationPlatforms) = postSolution
		{33CF7F15-4990-4AE4-B27A-882775BE512F}.Debug|Any CPU.ActiveCfg = Debug|Any CPU
		{33CF7F15-4990-4AE4-B27A-882775BE512F}.Debug|Any CPU.Build.0 = Debug|Any CPU
		{33CF7F15-4990-4AE4-B27A-882775BE512F}.Release|Any CPU.ActiveCfg = Release|Any CPU
		{33CF7F15-4990-4AE4-B27A-882775BE512F}.Release|Any CPU.Build.0 = Release|Any CPU
	EndGlobalSection
	GlobalSection(SolutionProperties) = preSolution
		HideSolutionNode = FALSE
	EndGlobalSection
	GlobalSection(ExtensibilityGlobals) = postSolution
		SolutionGuid = {5C17B0A0-6480-4184-ACB6-9C29B50A0883}
	EndGlobalSection
EndGlobal
